
Microsoft Visual Studio Solution File, Format Version 12.00
# Visual Studio Version 17
VisualStudioVersion = 17.3.32922.545
MinimumVisualStudioVersion = 10.0.40219.1
Project("{FAE04EC0-301F-11D3-BF4B-00C04F79EFBC}") = "Scuola boh array", "Scuola boh array\Scuola boh array.csproj", "{8127FA06-F202-42D7-92BA-6F1FFAEDFBD7}"
EndProject
Global
	GlobalSection(SolutionConfigurationPlatforms) = preSolution
		Debug|Any CPU = Debug|Any CPU
		Release|Any CPU = Release|Any CPU
	EndGlobalSection
	GlobalSection(ProjectConfigurationPlatforms) = postSolution
		{8127FA06-F202-42D7-92BA-6F1FFAEDFBD7}.Debug|Any CPU.ActiveCfg = Debug|Any CPU
		{8127FA06-F202-42D7-92BA-6F1FFAEDFBD7}.Debug|Any CPU.Build.0 = Debug|Any CPU
		{8127FA06-F202-42D7-92BA-6F1FFAEDFBD7}.Release|Any CPU.ActiveCfg = Release|Any CPU
		{8127FA06-F202-42D7-92BA-6F1FFAEDFBD7}.Release|Any CPU.Build.0 = Release|Any CPU
	EndGlobalSection
	GlobalSection(SolutionProperties) = preSolution
		HideSolutionNode = FALSE
	EndGlobalSection
	GlobalSection(ExtensibilityGlobals) = postSolution
		SolutionGuid = {F90637C7-F04B-4456-90DE-D74056BC077D}
	EndGlobalSection
EndGlobal
